
Microsoft Visual Studio Solution File, Format Version 12.00
# Visual Studio Version 16
VisualStudioVersion = 16.0.30128.74
MinimumVisualStudioVersion = 10.0.40219.1
Project("{8BC9CEB8-8B4A-11D0-8D11-00A0C91BC942}") = "AboutCode Project", "AboutCode Project.vcxproj", "{2DB866B0-3420-4410-A39D-85138B2625FE}"
EndProject
Global
	GlobalSection(SolutionConfigurationPlatforms) = preSolution
		Debug|x64 = Debug|x64
		Debug|x86 = Debug|x86
		Release|x64 = Release|x64
		Release|x86 = Release|x86
	EndGlobalSection
	GlobalSection(ProjectConfigurationPlatforms) = postSolution
		{2DB866B0-3420-4410-A39D-85138B2625FE}.Debug|x64.ActiveCfg = Debug|x64
		{2DB866B0-3420-4410-A39D-85138B2625FE}.Debug|x64.Build.0 = Debug|x64
		{2DB866B0-3420-4410-A39D-85138B2625FE}.Debug|x86.ActiveCfg = Debug|Win32
		{2DB866B0-3420-4410-A39D-85138B2625FE}.Debug|x86.Build.0 = Debug|Win32
		{2DB866B0-3420-4410-A39D-85138B2625FE}.Release|x64.ActiveCfg = Release|x64
		{2DB866B0-3420-4410-A39D-85138B2625FE}.Release|x64.Build.0 = Release|x64
		{2DB866B0-3420-4410-A39D-85138B2625FE}.Release|x86.ActiveCfg = Release|Win32
		{2DB866B0-3420-4410-A39D-85138B2625FE}.Release|x86.Build.0 = Release|Win32
	EndGlobalSection
	GlobalSection(SolutionProperties) = preSolution
		HideSolutionNode = FALSE
	EndGlobalSection
	GlobalSection(ExtensibilityGlobals) = postSolution
		SolutionGuid = {85D4981E-524F-483C-9E42-BC98A38B498E}
	EndGlobalSection
EndGlobal
